// !$*UTF8*$!
{
	archiveVersion = 1;
	classes = {
	};
	objectVersion = 77;
	objects = {

/* Begin PBXBuildFile section */
		F0ABE2112DF5F6B9008C455C /* GoogleService-Info.plist in Resources */ = {isa = PBXBuildFile; fileRef = F0ABE2102DF5F6B9008C455C /* GoogleService-Info.plist */; };
		F0E24C982DF5EB1600BBF992 /* FirebaseAuth in Frameworks */ = {isa = PBXBuildFile; productRef = F0E24C972DF5EB1600BBF992 /* FirebaseAuth */; };
		F0E24C9A2DF5EB8600BBF992 /* FirebaseCore in Frameworks */ = {isa = PBXBuildFile; productRef = F0E24C992DF5EB8600BBF992 /* FirebaseCore */; settings = {ATTRIBUTES = (Weak, ); }; };
		F0E24C9C2DF5EC0900BBF992 /* FirebaseFirestore in Frameworks */ = {isa = PBXBuildFile; productRef = F0E24C9B2DF5EC0900BBF992 /* FirebaseFirestore */; };
/* End PBXBuildFile section */

/* Begin PBXContainerItemProxy section */
		F0EC80452DDD86120015ED14 /* PBXContainerItemProxy */ = {
			isa = PBXContainerItemProxy;
			containerPortal = F0EC802A2DDD86100015ED14 /* Project object */;
			proxyType = 1;
			remoteGlobalIDString = F0EC80312DDD86100015ED14;
			remoteInfo = PECANTV;
		};
		F0EC804F2DDD86120015ED14 /* PBXContainerItemProxy */ = {
			isa = PBXContainerItemProxy;
			containerPortal = F0EC802A2DDD86100015ED14 /* Project object */;
			proxyType = 1;
			remoteGlobalIDString = F0EC80312DDD86100015ED14;
			remoteInfo = PECANTV;
		};
/* End PBXContainerItemProxy section */

/* Begin PBXFileReference section */
		F0ABE2102DF5F6B9008C455C /* GoogleService-Info.plist */ = {isa = PBXFileReference; lastKnownFileType = text.plist.xml; path = "GoogleService-Info.plist"; sourceTree = "<group>"; };
		F0EC80322DDD86100015ED14 /* PECANTV.app */ = {isa = PBXFileReference; explicitFileType = wrapper.application; includeInIndex = 0; path = PECANTV.app; sourceTree = BUILT_PRODUCTS_DIR; };
		F0EC80442DDD86120015ED14 /* PECANTVTests.xctest */ = {isa = PBXFileReference; explicitFileType = wrapper.cfbundle; includeInIndex = 0; path = PECANTVTests.xctest; sourceTree = BUILT_PRODUCTS_DIR; };
		F0EC804E2DDD86120015ED14 /* PECANTVUITests.xctest */ = {isa = PBXFileReference; explicitFileType = wrapper.cfbundle; includeInIndex = 0; path = PECANTVUITests.xctest; sourceTree = BUILT_PRODUCTS_DIR; };
/* End PBXFileReference section */

/* Begin PBXFileSystemSynchronizedRootGroup section */
		F0EC80342DDD86100015ED14 /* PECANTV */ = {
			isa = PBXFileSystemSynchronizedRootGroup;
			path = PECANTV;
			sourceTree = "<group>";
		};
		F0EC80472DDD86120015ED14 /* PECANTVTests */ = {
			isa = PBXFileSystemSynchronizedRootGroup;
			path = PECANTVTests;
			sourceTree = "<group>";
		};
		F0EC80512DDD86120015ED14 /* PECANTVUITests */ = {
			isa = PBXFileSystemSynchronizedRootGroup;
			path = PECANTVUITests;
			sourceTree = "<group>";
		};
/* End PBXFileSystemSynchronizedRootGroup section */

/* Begin PBXFrameworksBuildPhase section */
		F0EC802F2DDD86100015ED14 /* Frameworks */ = {
			isa = PBXFrameworksBuildPhase;
			buildActionMask = 2147483647;
			files = (
				F0E24C9A2DF5EB8600BBF992 /* FirebaseCore in Frameworks */,
				F0E24C982DF5EB1600BBF992 /* FirebaseAuth in Frameworks */,
				F0E24C9C2DF5EC0900BBF992 /* FirebaseFirestore in Frameworks */,
			);
			runOnlyForDeploymentPostprocessing = 0;
		};
		F0EC80412DDD86120015ED14 /* Frameworks */ = {
			isa = PBXFrameworksBuildPhase;
			buildActionMask = 2147483647;
			files = (
			);
			runOnlyForDeploymentPostprocessing = 0;
		};
		F0EC804B2DDD86120015ED14 /* Frameworks */ = {
			isa = PBXFrameworksBuildPhase;
			buildActionMask = 2147483647;
			files = (
			);
			runOnlyForDeploymentPostprocessing = 0;
		};
/* End PBXFrameworksBuildPhase section */

/* Begin PBXGroup section */
		F0E24C962DF5EB1600BBF992 /* Frameworks */ = {
			isa = PBXGroup;
			children = (
			);
			name = Frameworks;
			sourceTree = "<group>";
		};
		F0EC80292DDD86100015ED14 = {
			isa = PBXGroup;
			children = (
				F0ABE2102DF5F6B9008C455C /* GoogleService-Info.plist */,
				F0EC80342DDD86100015ED14 /* PECANTV */,
				F0EC80472DDD86120015ED14 /* PECANTVTests */,
				F0EC80512DDD86120015ED14 /* PECANTVUITests */,
				F0E24C962DF5EB1600BBF992 /* Frameworks */,
				F0EC80332DDD86100015ED14 /* Products */,
			);
			sourceTree = "<group>";
		};
		F0EC80332DDD86100015ED14 /* Products */ = {
			isa = PBXGroup;
			children = (
				F0EC80322DDD86100015ED14 /* PECANTV.app */,
				F0EC80442DDD86120015ED14 /* PECANTVTests.xctest */,
				F0EC804E2DDD86120015ED14 /* PECANTVUITests.xctest */,
			);
			name = Products;
			sourceTree = "<group>";
		};
/* End PBXGroup section */

/* Begin PBXNativeTarget section */
		F0EC80312DDD86100015ED14 /* PECANTV */ = {
			isa = PBXNativeTarget;
			buildConfigurationList = F0EC80582DDD86120015ED14 /* Build configuration list for PBXNativeTarget "PECANTV" */;
			buildPhases = (
				F0EC802E2DDD86100015ED14 /* Sources */,
				F0EC802F2DDD86100015ED14 /* Frameworks */,
				F0EC80302DDD86100015ED14 /* Resources */,
			);
			buildRules = (
			);
			dependencies = (
			);
			fileSystemSynchronizedGroups = (
				F0EC80342DDD86100015ED14 /* PECANTV */,
			);
			name = PECANTV;
			packageProductDependencies = (
				F0E24C972DF5EB1600BBF992 /* FirebaseAuth */,
				F0E24C992DF5EB8600BBF992 /* FirebaseCore */,
				F0E24C9B2DF5EC0900BBF992 /* FirebaseFirestore */,
			);
			productName = PECANTV;
			productReference = F0EC80322DDD86100015ED14 /* PECANTV.app */;
			productType = "com.apple.product-type.application";
		};
		F0EC80432DDD86120015ED14 /* PECANTVTests */ = {
			isa = PBXNativeTarget;
			buildConfigurationList = F0EC805B2DDD86120015ED14 /* Build configuration list for PBXNativeTarget "PECANTVTests" */;
			buildPhases = (
				F0EC80402DDD86120015ED14 /* Sources */,
				F0EC80412DDD86120015ED14 /* Frameworks */,
				F0EC80422DDD86120015ED14 /* Resources */,
			);
			buildRules = (
			);
			dependencies = (
				F0EC80462DDD86120015ED14 /* PBXTargetDependency */,
			);
			fileSystemSynchronizedGroups = (
				F0EC80472DDD86120015ED14 /* PECANTVTests */,
			);
			name = PECANTVTests;
			packageProductDependencies = (
			);
			productName = PECANTVTests;
			productReference = F0EC80442DDD86120015ED14 /* PECANTVTests.xctest */;
			productType = "com.apple.product-type.bundle.unit-test";
		};
		F0EC804D2DDD86120015ED14 /* PECANTVUITests */ = {
			isa = PBXNativeTarget;
			buildConfigurationList = F0EC805E2DDD86120015ED14 /* Build configuration list for PBXNativeTarget "PECANTVUITests" */;
			buildPhases = (
				F0EC804A2DDD86120015ED14 /* Sources */,
				F0EC804B2DDD86120015ED14 /* Frameworks */,
				F0EC804C2DDD86120015ED14 /* Resources */,
			);
			buildRules = (
			);
			dependencies = (
				F0EC80502DDD86120015ED14 /* PBXTargetDependency */,
			);
			fileSystemSynchronizedGroups = (
				F0EC80512DDD86120015ED14 /* PECANTVUITests */,
			);
			name = PECANTVUITests;
			packageProductDependencies = (
			);
			productName = PECANTVUITests;
			productReference = F0EC804E2DDD86120015ED14 /* PECANTVUITests.xctest */;
			productType = "com.apple.product-type.bundle.ui-testing";
		};
/* End PBXNativeTarget section */

/* Begin PBXProject section */
		F0EC802A2DDD86100015ED14 /* Project object */ = {
			isa = PBXProject;
			attributes = {
				BuildIndependentTargetsInParallel = 1;
				LastSwiftUpdateCheck = 1620;
				LastUpgradeCheck = 1620;
				TargetAttributes = {
					F0EC80312DDD86100015ED14 = {
						CreatedOnToolsVersion = 16.2;
					};
					F0EC80432DDD86120015ED14 = {
						CreatedOnToolsVersion = 16.2;
						TestTargetID = F0EC80312DDD86100015ED14;
					};
					F0EC804D2DDD86120015ED14 = {
						CreatedOnToolsVersion = 16.2;
						TestTargetID = F0EC80312DDD86100015ED14;
					};
				};
			};
			buildConfigurationList = F0EC802D2DDD86100015ED14 /* Build configuration list for PBXProject "PECANTV" */;
			developmentRegion = en;
			hasScannedForEncodings = 0;
			knownRegions = (
				en,
				Base,
			);
			mainGroup = F0EC80292DDD86100015ED14;
			minimizedProjectReferenceProxies = 1;
			packageReferences = (
				F0216C782DF509C5001D1B64 /* XCRemoteSwiftPackageReference "firebase-ios-sdk" */,
			);
			preferredProjectObjectVersion = 77;
			productRefGroup = F0EC80332DDD86100015ED14 /* Products */;
			projectDirPath = "";
			projectRoot = "";
			targets = (
				F0EC80312DDD86100015ED14 /* PECANTV */,
				F0EC80432DDD86120015ED14 /* PECANTVTests */,
				F0EC804D2DDD86120015ED14 /* PECANTVUITests */,
			);
		};
/* End PBXProject section */

/* Begin PBXResourcesBuildPhase section */
		F0EC80302DDD86100015ED14 /* Resources */ = {
			isa = PBXResourcesBuildPhase;
			buildActionMask = 2147483647;
			files = (
				F0ABE2112DF5F6B9008C455C /* GoogleService-Info.plist in Resources */,
			);
			runOnlyForDeploymentPostprocessing = 0;
		};
		F0EC80422DDD86120015ED14 /* Resources */ = {
			isa = PBXResourcesBuildPhase;
			buildActionMask = 2147483647;
			files = (
			);
			runOnlyForDeploymentPostprocessing = 0;
		};
		F0EC804C2DDD86120015ED14 /* Resources */ = {
			isa = PBXResourcesBuildPhase;
			buildActionMask = 2147483647;
			files = (
			);
			runOnlyForDeploymentPostprocessing = 0;
		};
/* End PBXResourcesBuildPhase section */

/* Begin PBXSourcesBuildPhase section */
		F0EC802E2DDD86100015ED14 /* Sources */ = {
			isa = PBXSourcesBuildPhase;
			buildActionMask = 2147483647;
			files = (
			);
			runOnlyForDeploymentPostprocessing = 0;
		};
		F0EC80402DDD86120015ED14 /* Sources */ = {
			isa = PBXSourcesBuildPhase;
			buildActionMask = 2147483647;
			files = (
			);
			runOnlyForDeploymentPostprocessing = 0;
		};
		F0EC804A2DDD86120015ED14 /* Sources */ = {
			isa = PBXSourcesBuildPhase;
			buildActionMask = 2147483647;
			files = (
			);
			runOnlyForDeploymentPostprocessing = 0;
		};
/* End PBXSourcesBuildPhase section */

/* Begin PBXTargetDependency section */
		F0EC80462DDD86120015ED14 /* PBXTargetDependency */ = {
			isa = PBXTargetDependency;
			target = F0EC80312DDD86100015ED14 /* PECANTV */;
			targetProxy = F0EC80452DDD86120015ED14 /* PBXContainerItemProxy */;
		};
		F0EC80502DDD86120015ED14 /* PBXTargetDependency */ = {
			isa = PBXTargetDependency;
			target = F0EC80312DDD86100015ED14 /* PECANTV */;
			targetProxy = F0EC804F2DDD86120015ED14 /* PBXContainerItemProxy */;
		};
/* End PBXTargetDependency section */

/* Begin XCBuildConfiguration section */
		F0EC80562DDD86120015ED14 /* Debug */ = {
			isa = XCBuildConfiguration;
			buildSettings = {
				ALWAYS_SEARCH_USER_PATHS = NO;
				ASSETCATALOG_COMPILER_GENERATE_SWIFT_ASSET_SYMBOL_EXTENSIONS = YES;
				CLANG_ANALYZER_NONNULL = YES;
				CLANG_ANALYZER_NUMBER_OBJECT_CONVERSION = YES_AGGRESSIVE;
				CLANG_CXX_LANGUAGE_STANDARD = "gnu++20";
				CLANG_ENABLE_MODULES = YES;
				CLANG_ENABLE_OBJC_ARC = YES;
				CLANG_ENABLE_OBJC_WEAK = YES;
				CLANG_WARN_BLOCK_CAPTURE_AUTORELEASING = YES;
				CLANG_WARN_BOOL_CONVERSION = YES;
				CLANG_WARN_COMMA = YES;
				CLANG_WARN_CONSTANT_CONVERSION = YES;
				CLANG_WARN_DEPRECATED_OBJC_IMPLEMENTATIONS = YES;
				CLANG_WARN_DIRECT_OBJC_ISA_USAGE = YES_ERROR;
				CLANG_WARN_DOCUMENTATION_COMMENTS = YES;
				CLANG_WARN_EMPTY_BODY = YES;
				CLANG_WARN_ENUM_CONVERSION = YES;
				CLANG_WARN_INFINITE_RECURSION = YES;
				CLANG_WARN_INT_CONVERSION = YES;
				CLANG_WARN_NON_LITERAL_NULL_CONVERSION = YES;
				CLANG_WARN_OBJC_IMPLICIT_RETAIN_SELF = YES;
				CLANG_WARN_OBJC_LITERAL_CONVERSION = YES;
				CLANG_WARN_OBJC_ROOT_CLASS = YES_ERROR;
				CLANG_WARN_QUOTED_INCLUDE_IN_FRAMEWORK_HEADER = YES;
				CLANG_WARN_RANGE_LOOP_ANALYSIS = YES;
				CLANG_WARN_STRICT_PROTOTYPES = YES;
				CLANG_WARN_SUSPICIOUS_MOVE = YES;
				CLANG_WARN_UNGUARDED_AVAILABILITY = YES_AGGRESSIVE;
				CLANG_WARN_UNREACHABLE_CODE = YES;
				CLANG_WARN__DUPLICATE_METHOD_MATCH = YES;
				COPY_PHASE_STRIP = NO;
				DEBUG_INFORMATION_FORMAT = dwarf;
				ENABLE_STRICT_OBJC_MSGSEND = YES;
				ENABLE_TESTABILITY = YES;
				ENABLE_USER_SCRIPT_SANDBOXING = YES;
				GCC_C_LANGUAGE_STANDARD = gnu17;
				GCC_DYNAMIC_NO_PIC = NO;
				GCC_NO_COMMON_BLOCKS = YES;
				GCC_OPTIMIZATION_LEVEL = 0;
				GCC_PREPROCESSOR_DEFINITIONS = (
					"DEBUG=1",
					"$(inherited)",
				);
				GCC_WARN_64_TO_32_BIT_CONVERSION = YES;
				GCC_WARN_ABOUT_RETURN_TYPE = YES_ERROR;
				GCC_WARN_UNDECLARED_SELECTOR = YES;
				GCC_WARN_UNINITIALIZED_AUTOS = YES_AGGRESSIVE;
				GCC_WARN_UNUSED_FUNCTION = YES;
				GCC_WARN_UNUSED_VARIABLE = YES;
				IPHONEOS_DEPLOYMENT_TARGET = 18.2;
				LOCALIZATION_PREFERS_STRING_CATALOGS = YES;
				MTL_ENABLE_DEBUG_INFO = INCLUDE_SOURCE;
				MTL_FAST_MATH = YES;
				ONLY_ACTIVE_ARCH = YES;
				SDKROOT = iphoneos;
				SWIFT_ACTIVE_COMPILATION_CONDITIONS = "DEBUG $(inherited)";
				SWIFT_OPTIMIZATION_LEVEL = "-Onone";
			};
			name = Debug;
		};
		F0EC80572DDD86120015ED14 /* Release */ = {
			isa = XCBuildConfiguration;
			buildSettings = {
				ALWAYS_SEARCH_USER_PATHS = NO;
				ASSETCATALOG_COMPILER_GENERATE_SWIFT_ASSET_SYMBOL_EXTENSIONS = YES;
				CLANG_ANALYZER_NONNULL = YES;
				CLANG_ANALYZER_NUMBER_OBJECT_CONVERSION = YES_AGGRESSIVE;
				CLANG_CXX_LANGUAGE_STANDARD = "gnu++20";
				CLANG_ENABLE_MODULES = YES;
				CLANG_ENABLE_OBJC_ARC = YES;
				CLANG_ENABLE_OBJC_WEAK = YES;
				CLANG_WARN_BLOCK_CAPTURE_AUTORELEASING = YES;
				CLANG_WARN_BOOL_CONVERSION = YES;
				CLANG_WARN_COMMA = YES;
				CLANG_WARN_CONSTANT_CONVERSION = YES;
				CLANG_WARN_DEPRECATED_OBJC_IMPLEMENTATIONS = YES;
				CLANG_WARN_DIRECT_OBJC_ISA_USAGE = YES_ERROR;
				CLANG_WARN_DOCUMENTATION_COMMENTS = YES;
				CLANG_WARN_EMPTY_BODY = YES;
				CLANG_WARN_ENUM_CONVERSION = YES;
				CLANG_WARN_INFINITE_RECURSION = YES;
				CLANG_WARN_INT_CONVERSION = YES;
				CLANG_WARN_NON_LITERAL_NULL_CONVERSION = YES;
				CLANG_WARN_OBJC_IMPLICIT_RETAIN_SELF = YES;
				CLANG_WARN_OBJC_LITERAL_CONVERSION = YES;
				CLANG_WARN_OBJC_ROOT_CLASS = YES_ERROR;
				CLANG_WARN_QUOTED_INCLUDE_IN_FRAMEWORK_HEADER = YES;
				CLANG_WARN_RANGE_LOOP_ANALYSIS = YES;
				CLANG_WARN_STRICT_PROTOTYPES = YES;
				CLANG_WARN_SUSPICIOUS_MOVE = YES;
				CLANG_WARN_UNGUARDED_AVAILABILITY = YES_AGGRESSIVE;
				CLANG_WARN_UNREACHABLE_CODE = YES;
				CLANG_WARN__DUPLICATE_METHOD_MATCH = YES;
				COPY_PHASE_STRIP = NO;
				DEBUG_INFORMATION_FORMAT = "dwarf-with-dsym";
				ENABLE_NS_ASSERTIONS = NO;
				ENABLE_STRICT_OBJC_MSGSEND = YES;
				ENABLE_USER_SCRIPT_SANDBOXING = YES;
				GCC_C_LANGUAGE_STANDARD = gnu17;
				GCC_NO_COMMON_BLOCKS = YES;
				GCC_WARN_64_TO_32_BIT_CONVERSION = YES;
				GCC_WARN_ABOUT_RETURN_TYPE = YES_ERROR;
				GCC_WARN_UNDECLARED_SELECTOR = YES;
				GCC_WARN_UNINITIALIZED_AUTOS = YES_AGGRESSIVE;
				GCC_WARN_UNUSED_FUNCTION = YES;
				GCC_WARN_UNUSED_VARIABLE = YES;
				IPHONEOS_DEPLOYMENT_TARGET = 18.2;
				LOCALIZATION_PREFERS_STRING_CATALOGS = YES;
				MTL_ENABLE_DEBUG_INFO = NO;
				MTL_FAST_MATH = YES;
				SDKROOT = iphoneos;
				SWIFT_COMPILATION_MODE = wholemodule;
				VALIDATE_PRODUCT = YES;
			};
			name = Release;
		};
		F0EC80592DDD86120015ED14 /* Debug */ = {
			isa = XCBuildConfiguration;
			buildSettings = {
				ASSETCATALOG_COMPILER_APPICON_NAME = AppIcon;
				ASSETCATALOG_COMPILER_GLOBAL_ACCENT_COLOR_NAME = AccentColor;
				CODE_SIGN_STYLE = Automatic;
				CURRENT_PROJECT_VERSION = 1;
				DEVELOPMENT_ASSET_PATHS = "\"PECANTV/Preview Content\"";
				DEVELOPMENT_TEAM = 5P2Q29TVR8;
				ENABLE_PREVIEWS = YES;
				GENERATE_INFOPLIST_FILE = YES;
				INFOPLIST_KEY_UIApplicationSceneManifest_Generation = YES;
				INFOPLIST_KEY_UIApplicationSupportsIndirectInputEvents = YES;
				INFOPLIST_KEY_UILaunchScreen_Generation = YES;
				INFOPLIST_KEY_UISupportedInterfaceOrientations_iPad = "UIInterfaceOrientationPortrait UIInterfaceOrientationPortraitUpsideDown UIInterfaceOrientationLandscapeLeft UIInterfaceOrientationLandscapeRight";
				INFOPLIST_KEY_UISupportedInterfaceOrientations_iPhone = "UIInterfaceOrientationPortrait UIInterfaceOrientationLandscapeLeft UIInterfaceOrientationLandscapeRight";
				LD_RUNPATH_SEARCH_PATHS = (
					"$(inherited)",
					"@executable_path/Frameworks",
				);
				MARKETING_VERSION = 1.0;
				PRODUCT_BUNDLE_IDENTIFIER = com.sdbmi.PECANTV;
				PRODUCT_NAME = "$(TARGET_NAME)";
				SWIFT_EMIT_LOC_STRINGS = YES;
				SWIFT_VERSION = 5.0;
				TARGETED_DEVICE_FAMILY = "1,2";
			};
			name = Debug;
		};
		F0EC805A2DDD86120015ED14 /* Release */ = {
			isa = XCBuildConfiguration;
			buildSettings = {
				ASSETCATALOG_COMPILER_APPICON_NAME = AppIcon;
				ASSETCATALOG_COMPILER_GLOBAL_ACCENT_COLOR_NAME = AccentColor;
				CODE_SIGN_STYLE = Automatic;
				CURRENT_PROJECT_VERSION = 1;
				DEVELOPMENT_ASSET_PATHS = "\"PECANTV/Preview Content\"";
				DEVELOPMENT_TEAM = 5P2Q29TVR8;
				ENABLE_PREVIEWS = YES;
				GENERATE_INFOPLIST_FILE = YES;
				INFOPLIST_KEY_UIApplicationSceneManifest_Generation = YES;
				INFOPLIST_KEY_UIApplicationSupportsIndirectInputEvents = YES;
				INFOPLIST_KEY_UILaunchScreen_Generation = YES;
				INFOPLIST_KEY_UISupportedInterfaceOrientations_iPad = "UIInterfaceOrientationPortrait UIInterfaceOrientationPortraitUpsideDown UIInterfaceOrientationLandscapeLeft UIInterfaceOrientationLandscapeRight";
				INFOPLIST_KEY_UISupportedInterfaceOrientations_iPhone = "UIInterfaceOrientationPortrait UIInterfaceOrientationLandscapeLeft UIInterfaceOrientationLandscapeRight";
				LD_RUNPATH_SEARCH_PATHS = (
					"$(inherited)",
					"@executable_path/Frameworks",
				);
				MARKETING_VERSION = 1.0;
				PRODUCT_BUNDLE_IDENTIFIER = com.sdbmi.PECANTV;
				PRODUCT_NAME = "$(TARGET_NAME)";
				SWIFT_EMIT_LOC_STRINGS = YES;
				SWIFT_VERSION = 5.0;
				TARGETED_DEVICE_FAMILY = "1,2";
			};
			name = Release;
		};
		F0EC805C2DDD86120015ED14 /* Debug */ = {
			isa = XCBuildConfiguration;
			buildSettings = {
				BUNDLE_LOADER = "$(TEST_HOST)";
				CODE_SIGN_STYLE = Automatic;
				CURRENT_PROJECT_VERSION = 1;
				DEVELOPMENT_TEAM = 5P2Q29TVR8;
				GENERATE_INFOPLIST_FILE = YES;
				IPHONEOS_DEPLOYMENT_TARGET = 18.2;
				MARKETING_VERSION = 1.0;
				PRODUCT_BUNDLE_IDENTIFIER = pecantv.com.PECANTVTests;
				PRODUCT_NAME = "$(TARGET_NAME)";
				SWIFT_EMIT_LOC_STRINGS = NO;
				SWIFT_VERSION = 5.0;
				TARGETED_DEVICE_FAMILY = "1,2";
				TEST_HOST = "$(BUILT_PRODUCTS_DIR)/PECANTV.app/$(BUNDLE_EXECUTABLE_FOLDER_PATH)/PECANTV";
			};
			name = Debug;
		};
		F0EC805D2DDD86120015ED14 /* Release */ = {
			isa = XCBuildConfiguration;
			buildSettings = {
				BUNDLE_LOADER = "$(TEST_HOST)";
				CODE_SIGN_STYLE = Automatic;
				CURRENT_PROJECT_VERSION = 1;
				DEVELOPMENT_TEAM = 5P2Q29TVR8;
				GENERATE_INFOPLIST_FILE = YES;
				IPHONEOS_DEPLOYMENT_TARGET = 18.2;
				MARKETING_VERSION = 1.0;
				PRODUCT_BUNDLE_IDENTIFIER = pecantv.com.PECANTVTests;
				PRODUCT_NAME = "$(TARGET_NAME)";
				SWIFT_EMIT_LOC_STRINGS = NO;
				SWIFT_VERSION = 5.0;
				TARGETED_DEVICE_FAMILY = "1,2";
				TEST_HOST = "$(BUILT_PRODUCTS_DIR)/PECANTV.app/$(BUNDLE_EXECUTABLE_FOLDER_PATH)/PECANTV";
			};
			name = Release;
		};
		F0EC805F2DDD86120015ED14 /* Debug */ = {
			isa = XCBuildConfiguration;
			buildSettings = {
				CODE_SIGN_STYLE = Automatic;
				CURRENT_PROJECT_VERSION = 1;
				DEVELOPMENT_TEAM = 5P2Q29TVR8;
				GENERATE_INFOPLIST_FILE = YES;
				MARKETING_VERSION = 1.0;
				PRODUCT_BUNDLE_IDENTIFIER = pecantv.com.PECANTVUITests;
				PRODUCT_NAME = "$(TARGET_NAME)";
				SWIFT_EMIT_LOC_STRINGS = NO;
				SWIFT_VERSION = 5.0;
				TARGETED_DEVICE_FAMILY = "1,2";
				TEST_TARGET_NAME = PECANTV;
			};
			name = Debug;
		};
		F0EC80602DDD86120015ED14 /* Release */ = {
			isa = XCBuildConfiguration;
			buildSettings = {
				CODE_SIGN_STYLE = Automatic;
				CURRENT_PROJECT_VERSION = 1;
				DEVELOPMENT_TEAM = 5P2Q29TVR8;
				GENERATE_INFOPLIST_FILE = YES;
				MARKETING_VERSION = 1.0;
				PRODUCT_BUNDLE_IDENTIFIER = pecantv.com.PECANTVUITests;
				PRODUCT_NAME = "$(TARGET_NAME)";
				SWIFT_EMIT_LOC_STRINGS = NO;
				SWIFT_VERSION = 5.0;
				TARGETED_DEVICE_FAMILY = "1,2";
				TEST_TARGET_NAME = PECANTV;
			};
			name = Release;
		};
/* End XCBuildConfiguration section */

/* Begin XCConfigurationList section */
		F0EC802D2DDD86100015ED14 /* Build configuration list for PBXProject "PECANTV" */ = {
			isa = XCConfigurationList;
			buildConfigurations = (
				F0EC80562DDD86120015ED14 /* Debug */,
				F0EC80572DDD86120015ED14 /* Release */,
			);
			defaultConfigurationIsVisible = 0;
			defaultConfigurationName = Release;
		};
		F0EC80582DDD86120015ED14 /* Build configuration list for PBXNativeTarget "PECANTV" */ = {
			isa = XCConfigurationList;
			buildConfigurations = (
				F0EC80592DDD86120015ED14 /* Debug */,
				F0EC805A2DDD86120015ED14 /* Release */,
			);
			defaultConfigurationIsVisible = 0;
			defaultConfigurationName = Release;
		};
		F0EC805B2DDD86120015ED14 /* Build configuration list for PBXNativeTarget "PECANTVTests" */ = {
			isa = XCConfigurationList;
			buildConfigurations = (
				F0EC805C2DDD86120015ED14 /* Debug */,
				F0EC805D2DDD86120015ED14 /* Release */,
			);
			defaultConfigurationIsVisible = 0;
			defaultConfigurationName = Release;
		};
		F0EC805E2DDD86120015ED14 /* Build configuration list for PBXNativeTarget "PECANTVUITests" */ = {
			isa = XCConfigurationList;
			buildConfigurations = (
				F0EC805F2DDD86120015ED14 /* Debug */,
				F0EC80602DDD86120015ED14 /* Release */,
			);
			defaultConfigurationIsVisible = 0;
			defaultConfigurationName = Release;
		};
/* End XCConfigurationList section */

/* Begin XCRemoteSwiftPackageReference section */
		F0216C782DF509C5001D1B64 /* XCRemoteSwiftPackageReference "firebase-ios-sdk" */ = {
			isa = XCRemoteSwiftPackageReference;
			repositoryURL = "https://github.com/firebase/firebase-ios-sdk";
			requirement = {
				kind = upToNextMajorVersion;
				minimumVersion = 11.14.0;
			};
		};
/* End XCRemoteSwiftPackageReference section */

/* Begin XCSwiftPackageProductDependency section */
		F0E24C972DF5EB1600BBF992 /* FirebaseAuth */ = {
			isa = XCSwiftPackageProductDependency;
			package = F0216C782DF509C5001D1B64 /* XCRemoteSwiftPackageReference "firebase-ios-sdk" */;
			productName = FirebaseAuth;
		};
		F0E24C992DF5EB8600BBF992 /* FirebaseCore */ = {
			isa = XCSwiftPackageProductDependency;
			package = F0216C782DF509C5001D1B64 /* XCRemoteSwiftPackageReference "firebase-ios-sdk" */;
			productName = FirebaseCore;
		};
		F0E24C9B2DF5EC0900BBF992 /* FirebaseFirestore */ = {
			isa = XCSwiftPackageProductDependency;
			package = F0216C782DF509C5001D1B64 /* XCRemoteSwiftPackageReference "firebase-ios-sdk" */;
			productName = FirebaseFirestore;
		};
/* End XCSwiftPackageProductDependency section */
	};
	rootObject = F0EC802A2DDD86100015ED14 /* Project object */;
}
